github.com/valkey-io/valkey-go v1.0.73 h1:lztOPT0amtR6mwUkeNDcLepdYFdgVpJe/99EohfrmJ4=
github.com/valkey-io/valkey-go v1.0.73/go.mod h1:VGhZ6fs68Qrn2+OhH+6waZH27bjpgQOiLyUQyXuYK5k=
golang.org/x/sys v0.39.0 h1:CvCKL8MeisomCi6qNZ+wbb0DN9E5AATixKsvNtMoMFk=
golang.org/x/sys v0.39.0/go.mod h1:OgkHotnGiDImocRcuBABYBEXf8A9a87e/uXjp9XT3ks=
